PODS:
  - CryptoSwift (1.3.2)
  - PayMESDK (0.1.0):
    - CryptoSwift (~> 1.0)
    - SwiftyRSA (= 1.5)
  - SwiftyRSA (1.5.0):
    - SwiftyRSA/ObjC (= 1.5.0)
  - SwiftyRSA/ObjC (1.5.0)

DEPENDENCIES:
  - CryptoSwift (~> 1.0)
  - PayMESDK (from `../`)
  - SwiftyRSA (= 1.5)

SPEC REPOS:
  trunk:
    - CryptoSwift
    - SwiftyRSA

EXTERNAL SOURCES:
  PayMESDK:
    :path: "../"

SPEC CHECKSUMS:
  CryptoSwift: 093499be1a94b0cae36e6c26b70870668cb56060
  PayMESDK: 1ec0db0734b1e20c6ea6e6e679b766fe1a71d9d5
  SwiftyRSA: 6e528fb1b1a87d5111c48081083b141d6d65f1cf

PODFILE CHECKSUM: 7d200d2352b9d93ba3a1fa13a078bb8623ecf2b9

COCOAPODS: 1.9.3
